
Microsoft Visual Studio Solution File, Format Version 12.00
# Visual Studio Version 16
VisualStudioVersion = 16.0.29306.81
MinimumVisualStudioVersion = 10.0.40219.1
Project("{FAE04EC0-301F-11D3-BF4B-00C04F79EFBC}") = "SpiralMatrix", "SpiralMatrix.csproj", "{F23E0753-D68D-43A1-8752-A7D3C94B38A5}"
EndProject
Global
	GlobalSection(SolutionConfigurationPlatforms) = preSolution
		Debug|Any CPU = Debug|Any CPU
		Release|Any CPU = Release|Any CPU
	EndGlobalSection
	GlobalSection(ProjectConfigurationPlatforms) = postSolution
		{F23E0753-D68D-43A1-8752-A7D3C94B38A5}.Debug|Any CPU.ActiveCfg = Debug|Any CPU
		{F23E0753-D68D-43A1-8752-A7D3C94B38A5}.Debug|Any CPU.Build.0 = Debug|Any CPU
		{F23E0753-D68D-43A1-8752-A7D3C94B38A5}.Release|Any CPU.ActiveCfg = Release|Any CPU
		{F23E0753-D68D-43A1-8752-A7D3C94B38A5}.Release|Any CPU.Build.0 = Release|Any CPU
	EndGlobalSection
	GlobalSection(SolutionProperties) = preSolution
		HideSolutionNode = FALSE
	EndGlobalSection
	GlobalSection(ExtensibilityGlobals) = postSolution
		SolutionGuid = {4CACF78D-8EF7-45FC-A3D0-4D083B1CF8EC}
	EndGlobalSection
EndGlobal
